
Microsoft Visual Studio Solution File, Format Version 12.00
# Visual Studio Version 17
VisualStudioVersion = 17.13.35818.85 d17.13
MinimumVisualStudioVersion = 10.0.40219.1
Project("{FAE04EC0-301F-11D3-BF4B-00C04F79EFBC}") = "MVP.Common", "MVP.Common\MVP.Common.csproj", "{191B0E92-2290-4420-AF32-256EB921B7F8}"
EndProject
Project("{FAE04EC0-301F-11D3-BF4B-00C04F79EFBC}") = "MVP.IOS", "MVP.IOS\MVP.IOS.csproj", "{4B31A473-3225-4311-AD17-80ADF5E6670F}"
EndProject
Project("{FAE04EC0-301F-11D3-BF4B-00C04F79EFBC}") = "MVP.Android", "MVP.Android\MVP.Android.csproj", "{691E52FA-A96B-4E35-B2C6-9EEE014CD063}"
EndProject
Global
	GlobalSection(SolutionConfigurationPlatforms) = preSolution
		Debug|Any CPU = Debug|Any CPU
		Release|Any CPU = Release|Any CPU
	EndGlobalSection
	GlobalSection(ProjectConfigurationPlatforms) = postSolution
		{191B0E92-2290-4420-AF32-256EB921B7F8}.Debug|Any CPU.ActiveCfg = Debug|Any CPU
		{191B0E92-2290-4420-AF32-256EB921B7F8}.Debug|Any CPU.Build.0 = Debug|Any CPU
		{191B0E92-2290-4420-AF32-256EB921B7F8}.Release|Any CPU.ActiveCfg = Release|Any CPU
		{191B0E92-2290-4420-AF32-256EB921B7F8}.Release|Any CPU.Build.0 = Release|Any CPU
		{4B31A473-3225-4311-AD17-80ADF5E6670F}.Debug|Any CPU.ActiveCfg = Debug|Any CPU
		{4B31A473-3225-4311-AD17-80ADF5E6670F}.Debug|Any CPU.Build.0 = Debug|Any CPU
		{4B31A473-3225-4311-AD17-80ADF5E6670F}.Release|Any CPU.ActiveCfg = Release|Any CPU
		{4B31A473-3225-4311-AD17-80ADF5E6670F}.Release|Any CPU.Build.0 = Release|Any CPU
		{691E52FA-A96B-4E35-B2C6-9EEE014CD063}.Debug|Any CPU.ActiveCfg = Debug|Any CPU
		{691E52FA-A96B-4E35-B2C6-9EEE014CD063}.Debug|Any CPU.Build.0 = Debug|Any CPU
		{691E52FA-A96B-4E35-B2C6-9EEE014CD063}.Release|Any CPU.ActiveCfg = Release|Any CPU
		{691E52FA-A96B-4E35-B2C6-9EEE014CD063}.Release|Any CPU.Build.0 = Release|Any CPU
	EndGlobalSection
	GlobalSection(SolutionProperties) = preSolution
		HideSolutionNode = FALSE
	EndGlobalSection
	GlobalSection(ExtensibilityGlobals) = postSolution
		SolutionGuid = {32F18A74-3F69-4017-AF65-B04077A2B43D}
	EndGlobalSection
EndGlobal
